
Microsoft Visual Studio Solution File, Format Version 12.00
# Visual Studio Version 16
VisualStudioVersion = 16.0.31624.102
MinimumVisualStudioVersion = 10.0.40219.1
Project("{FAE04EC0-301F-11D3-BF4B-00C04F79EFBC}") = "SQLCommand", "SQLCommand\SQLCommand.csproj", "{FA3966F6-91A2-4C71-A9FA-DBDF9043790F}"
EndProject
Project("{FAE04EC0-301F-11D3-BF4B-00C04F79EFBC}") = "SqlCommand-ExecuteNonQuery", "SqlCommand-ExecuteNonQuery\SqlCommand-ExecuteNonQuery.csproj", "{CCC5128F-A96B-4A46-8286-6D8EF4B2B5DC}"
EndProject
Global
	GlobalSection(SolutionConfigurationPlatforms) = preSolution
		Debug|Any CPU = Debug|Any CPU
		Release|Any CPU = Release|Any CPU
	EndGlobalSection
	GlobalSection(ProjectConfigurationPlatforms) = postSolution
		{FA3966F6-91A2-4C71-A9FA-DBDF9043790F}.Debug|Any CPU.ActiveCfg = Debug|Any CPU
		{FA3966F6-91A2-4C71-A9FA-DBDF9043790F}.Debug|Any CPU.Build.0 = Debug|Any CPU
		{FA3966F6-91A2-4C71-A9FA-DBDF9043790F}.Release|Any CPU.ActiveCfg = Release|Any CPU
		{FA3966F6-91A2-4C71-A9FA-DBDF9043790F}.Release|Any CPU.Build.0 = Release|Any CPU
		{CCC5128F-A96B-4A46-8286-6D8EF4B2B5DC}.Debug|Any CPU.ActiveCfg = Debug|Any CPU
		{CCC5128F-A96B-4A46-8286-6D8EF4B2B5DC}.Debug|Any CPU.Build.0 = Debug|Any CPU
		{CCC5128F-A96B-4A46-8286-6D8EF4B2B5DC}.Release|Any CPU.ActiveCfg = Release|Any CPU
		{CCC5128F-A96B-4A46-8286-6D8EF4B2B5DC}.Release|Any CPU.Build.0 = Release|Any CPU
	EndGlobalSection
	GlobalSection(SolutionProperties) = preSolution
		HideSolutionNode = FALSE
	EndGlobalSection
	GlobalSection(ExtensibilityGlobals) = postSolution
		SolutionGuid = {554F6389-B0F0-40BD-A429-ECF4129584AE}
	EndGlobalSection
EndGlobal
